
Microsoft Visual Studio Solution File, Format Version 12.00
# Visual Studio Version 17
VisualStudioVersion = 17.0.32112.339
MinimumVisualStudioVersion = 10.0.40219.1
Project("{9A19103F-16F7-4668-BE54-9A1E7A4F7556}") = "BookListRazorPages", "BookListRazorPages\BookListRazorPages.csproj", "{BCEF90D6-B9CC-446A-8D41-DB0FAC9CBFA1}"
EndProject
Global
	GlobalSection(SolutionConfigurationPlatforms) = preSolution
		Debug|Any CPU = Debug|Any CPU
		Release|Any CPU = Release|Any CPU
	EndGlobalSection
	GlobalSection(ProjectConfigurationPlatforms) = postSolution
		{BCEF90D6-B9CC-446A-8D41-DB0FAC9CBFA1}.Debug|Any CPU.ActiveCfg = Debug|Any CPU
		{BCEF90D6-B9CC-446A-8D41-DB0FAC9CBFA1}.Debug|Any CPU.Build.0 = Debug|Any CPU
		{BCEF90D6-B9CC-446A-8D41-DB0FAC9CBFA1}.Release|Any CPU.ActiveCfg = Release|Any CPU
		{BCEF90D6-B9CC-446A-8D41-DB0FAC9CBFA1}.Release|Any CPU.Build.0 = Release|Any CPU
	EndGlobalSection
	GlobalSection(SolutionProperties) = preSolution
		HideSolutionNode = FALSE
	EndGlobalSection
	GlobalSection(ExtensibilityGlobals) = postSolution
		SolutionGuid = {10DB8170-63A7-450C-A9DB-80DE95A3A763}
	EndGlobalSection
EndGlobal
